
Microsoft Visual Studio Solution File, Format Version 12.00
# Visual Studio Version 17
VisualStudioVersion = 17.0.31919.166
MinimumVisualStudioVersion = 10.0.40219.1
Project("{9A19103F-16F7-4668-BE54-9A1E7A4F7556}") = "He.Identity.Mvc", "He.Identity.Mvc\He.Identity.Mvc.csproj", "{274DD891-6E28-4493-B86F-B723DF28DF33}"
EndProject
Project("{9A19103F-16F7-4668-BE54-9A1E7A4F7556}") = "He.Identity.Mvc.UnitTests", "He.Identity.Mvc.UnitTests\He.Identity.Mvc.UnitTests.csproj", "{C40C0F18-25F4-4682-AF08-2763B96A9DE1}"
EndProject
Project("{FAE04EC0-301F-11D3-BF4B-00C04F79EFBC}") = "He.Identity", "He.Identity\He.Identity.csproj", "{12115403-831F-4C80-BE17-905927CC467B}"
EndProject
Project("{FAE04EC0-301F-11D3-BF4B-00C04F79EFBC}") = "He.Identity.Auth0", "He.Identity.Auth0\He.Identity.Auth0.csproj", "{FB3BFD6D-0C0E-440F-AA86-8220E3997817}"
EndProject
Global
	GlobalSection(SolutionConfigurationPlatforms) = preSolution
		Debug|Any CPU = Debug|Any CPU
		Release|Any CPU = Release|Any CPU
	EndGlobalSection
	GlobalSection(ProjectConfigurationPlatforms) = postSolution
		{274DD891-6E28-4493-B86F-B723DF28DF33}.Debug|Any CPU.ActiveCfg = Debug|Any CPU
		{274DD891-6E28-4493-B86F-B723DF28DF33}.Debug|Any CPU.Build.0 = Debug|Any CPU
		{274DD891-6E28-4493-B86F-B723DF28DF33}.Release|Any CPU.ActiveCfg = Release|Any CPU
		{274DD891-6E28-4493-B86F-B723DF28DF33}.Release|Any CPU.Build.0 = Release|Any CPU
		{C40C0F18-25F4-4682-AF08-2763B96A9DE1}.Debug|Any CPU.ActiveCfg = Debug|Any CPU
		{C40C0F18-25F4-4682-AF08-2763B96A9DE1}.Debug|Any CPU.Build.0 = Debug|Any CPU
		{C40C0F18-25F4-4682-AF08-2763B96A9DE1}.Release|Any CPU.ActiveCfg = Release|Any CPU
		{C40C0F18-25F4-4682-AF08-2763B96A9DE1}.Release|Any CPU.Build.0 = Release|Any CPU
		{12115403-831F-4C80-BE17-905927CC467B}.Debug|Any CPU.ActiveCfg = Debug|Any CPU
		{12115403-831F-4C80-BE17-905927CC467B}.Debug|Any CPU.Build.0 = Debug|Any CPU
		{12115403-831F-4C80-BE17-905927CC467B}.Release|Any CPU.ActiveCfg = Release|Any CPU
		{12115403-831F-4C80-BE17-905927CC467B}.Release|Any CPU.Build.0 = Release|Any CPU
		{FB3BFD6D-0C0E-440F-AA86-8220E3997817}.Debug|Any CPU.ActiveCfg = Debug|Any CPU
		{FB3BFD6D-0C0E-440F-AA86-8220E3997817}.Debug|Any CPU.Build.0 = Debug|Any CPU
		{FB3BFD6D-0C0E-440F-AA86-8220E3997817}.Release|Any CPU.ActiveCfg = Release|Any CPU
		{FB3BFD6D-0C0E-440F-AA86-8220E3997817}.Release|Any CPU.Build.0 = Release|Any CPU
	EndGlobalSection
	GlobalSection(SolutionProperties) = preSolution
		HideSolutionNode = FALSE
	EndGlobalSection
	GlobalSection(ExtensibilityGlobals) = postSolution
		SolutionGuid = {F93295E5-4679-4316-83CE-1BD33A8B7BD5}
	EndGlobalSection
EndGlobal
